{
  "requires": true,
  "lockfileVersion": 1,
  "dependencies": {
    "r-integration": {
      "version": "1.2.0",
      "resolved": "https://registry.npmjs.org/r-integration/-/r-integration-1.2.0.tgz",
      "integrity": "sha512-dZ/wF2seiYKUajNw7K7d7RP8PyTUy3m/AFirUTtiWF9eyaDUy/ethTaZ9LjzfcMnzUhB1KIJE5Uoyk8Dx4qn3Q=="
    },
    "r-script": {
      "version": "0.0.4",
      "resolved": "https://registry.npmjs.org/r-script/-/r-script-0.0.4.tgz",
      "integrity": "sha512-PNUS0iQGHLSzKCaTI8HZs5pw20GSJVaIhuBEPY3QYoUmf1RXUAnTcof0G6uMp8jGr9Ke2n/rhXVC6B1m/iiWCA==",
      "requires": {
        "underscore": "^1.8.3"
      }
    },
    "r-script-lunar": {
      "version": "0.1.4",
      "resolved": "https://registry.npmjs.org/r-script-lunar/-/r-script-lunar-0.1.4.tgz",
      "integrity": "sha512-zoq7DFDIO2z3Y/zz4UHDmjMdwEJx7iU8o9dYrLGk/ZPeppR/7axsj+wy2u0huO8IMRO/zwZZ0F9lv6TmAsfQDA==",
      "requires": {
        "underscore": "^1.10.2"
      }
    },
    "underscore": {
      "version": "1.13.0",
      "resolved": "https://registry.npmjs.org/underscore/-/underscore-1.13.0.tgz",
      "integrity": "sha512-sCs4H3pCytsb5K7i072FAEC9YlSYFIbosvM0tAKAlpSSUgD7yC1iXSEGdl5XrDKQ1YUB+p/HDzYrSG2H2Vl36g=="
    }
  }
}
